### YamlMime:ManagedReference
items:
- uid: Microsoft.EntityFrameworkCore.Internal.AsyncLock
  commentId: T:Microsoft.EntityFrameworkCore.Internal.AsyncLock
  id: AsyncLock
  parent: Microsoft.EntityFrameworkCore.Internal
  children:
  - Microsoft.EntityFrameworkCore.Internal.AsyncLock.#ctor
  - Microsoft.EntityFrameworkCore.Internal.AsyncLock.Lock
  - Microsoft.EntityFrameworkCore.Internal.AsyncLock.LockAsync(System.Threading.CancellationToken)
  langs:
  - csharp
  - vb
  name: AsyncLock
  nameWithType: AsyncLock
  fullName: Microsoft.EntityFrameworkCore.Internal.AsyncLock
  type: Class
  source:
    remote:
      path: src/Microsoft.EntityFrameworkCore/Internal/AsyncLock.cs
      branch: dev
      repo: https://github.com/aspnet/EntityFramework.git
    id: AsyncLock
    path: src/Microsoft.EntityFrameworkCore/Internal/AsyncLock.cs
    startLine: 14
  assemblies:
  - Microsoft.EntityFrameworkCore
  namespace: Microsoft.EntityFrameworkCore.Internal
  summary: "\nThis API supports the Entity Framework Core infrastructure and is not intended to be used\ndirectly from your code. This API may change or be removed in future releases.\n"
  example: []
  syntax:
    content: public sealed class AsyncLock
    content.vb: Public NotInheritable Class AsyncLock
  inheritance:
  - System.Object
  inheritedMembers:
  - System.Object.ToString
  - System.Object.Equals(System.Object)
  - System.Object.Equals(System.Object,System.Object)
  - System.Object.ReferenceEquals(System.Object,System.Object)
  - System.Object.GetHashCode
  - System.Object.GetType
  - System.Object.MemberwiseClone
  modifiers.csharp:
  - public
  - sealed
  - class
  modifiers.vb:
  - Public
  - NotInheritable
  - Class
- uid: Microsoft.EntityFrameworkCore.Internal.AsyncLock.#ctor
  commentId: M:Microsoft.EntityFrameworkCore.Internal.AsyncLock.#ctor
  id: '#ctor'
  parent: Microsoft.EntityFrameworkCore.Internal.AsyncLock
  langs:
  - csharp
  - vb
  name: AsyncLock()
  nameWithType: AsyncLock.AsyncLock()
  fullName: Microsoft.EntityFrameworkCore.Internal.AsyncLock.AsyncLock()
  type: Constructor
  source:
    remote:
      path: src/Microsoft.EntityFrameworkCore/Internal/AsyncLock.cs
      branch: dev
      repo: https://github.com/aspnet/EntityFramework.git
    id: .ctor
    path: src/Microsoft.EntityFrameworkCore/Internal/AsyncLock.cs
    startLine: 24
  assemblies:
  - Microsoft.EntityFrameworkCore
  namespace: Microsoft.EntityFrameworkCore.Internal
  summary: "\nThis API supports the Entity Framework Core infrastructure and is not intended to be used\ndirectly from your code. This API may change or be removed in future releases.\n"
  example: []
  syntax:
    content: public AsyncLock()
    content.vb: Public Sub New
  overload: Microsoft.EntityFrameworkCore.Internal.AsyncLock.#ctor*
  modifiers.csharp:
  - public
  modifiers.vb:
  - Public
- uid: Microsoft.EntityFrameworkCore.Internal.AsyncLock.LockAsync(System.Threading.CancellationToken)
  commentId: M:Microsoft.EntityFrameworkCore.Internal.AsyncLock.LockAsync(System.Threading.CancellationToken)
  id: LockAsync(System.Threading.CancellationToken)
  parent: Microsoft.EntityFrameworkCore.Internal.AsyncLock
  langs:
  - csharp
  - vb
  name: LockAsync(CancellationToken)
  nameWithType: AsyncLock.LockAsync(CancellationToken)
  fullName: Microsoft.EntityFrameworkCore.Internal.AsyncLock.LockAsync(System.Threading.CancellationToken)
  type: Method
  source:
    remote:
      path: src/Microsoft.EntityFrameworkCore/Internal/AsyncLock.cs
      branch: dev
      repo: https://github.com/aspnet/EntityFramework.git
    id: LockAsync
    path: src/Microsoft.EntityFrameworkCore/Internal/AsyncLock.cs
    startLine: 34
  assemblies:
  - Microsoft.EntityFrameworkCore
  namespace: Microsoft.EntityFrameworkCore.Internal
  summary: "\nThis API supports the Entity Framework Core infrastructure and is not intended to be used\ndirectly from your code. This API may change or be removed in future releases.\n"
  example: []
  syntax:
    content: public Task<AsyncLock.Releaser> LockAsync(CancellationToken cancellationToken = null)
    content.vb: Public Function LockAsync(cancellationToken As CancellationToken = Nothing) As Task(Of AsyncLock.Releaser)
    parameters:
    - id: cancellationToken
      type: System.Threading.CancellationToken
    return:
      type: System.Threading.Tasks.Task{Microsoft.EntityFrameworkCore.Internal.AsyncLock.Releaser}
  overload: Microsoft.EntityFrameworkCore.Internal.AsyncLock.LockAsync*
  modifiers.csharp:
  - public
  modifiers.vb:
  - Public
- uid: Microsoft.EntityFrameworkCore.Internal.AsyncLock.Lock
  commentId: M:Microsoft.EntityFrameworkCore.Internal.AsyncLock.Lock
  id: Lock
  parent: Microsoft.EntityFrameworkCore.Internal.AsyncLock
  langs:
  - csharp
  - vb
  name: Lock()
  nameWithType: AsyncLock.Lock()
  fullName: Microsoft.EntityFrameworkCore.Internal.AsyncLock.Lock()
  type: Method
  source:
    remote:
      path: src/Microsoft.EntityFrameworkCore/Internal/AsyncLock.cs
      branch: dev
      repo: https://github.com/aspnet/EntityFramework.git
    id: Lock
    path: src/Microsoft.EntityFrameworkCore/Internal/AsyncLock.cs
    startLine: 49
  assemblies:
  - Microsoft.EntityFrameworkCore
  namespace: Microsoft.EntityFrameworkCore.Internal
  summary: "\nThis API supports the Entity Framework Core infrastructure and is not intended to be used\ndirectly from your code. This API may change or be removed in future releases.\n"
  example: []
  syntax:
    content: public AsyncLock.Releaser Lock()
    content.vb: Public Function Lock As AsyncLock.Releaser
    return:
      type: Microsoft.EntityFrameworkCore.Internal.AsyncLock.Releaser
  overload: Microsoft.EntityFrameworkCore.Internal.AsyncLock.Lock*
  modifiers.csharp:
  - public
  modifiers.vb:
  - Public
references:
- uid: Microsoft.EntityFrameworkCore.Internal
  commentId: N:Microsoft.EntityFrameworkCore.Internal
  isExternal: false
  name: Microsoft.EntityFrameworkCore.Internal
  nameWithType: Microsoft.EntityFrameworkCore.Internal
  fullName: Microsoft.EntityFrameworkCore.Internal
- uid: System.Object
  commentId: T:System.Object
  parent: System
  isExternal: true
  name: Object
  nameWithType: Object
  fullName: System.Object
- uid: System.Object.ToString
  commentId: M:System.Object.ToString
  parent: System.Object
  isExternal: true
  name: ToString()
  nameWithType: Object.ToString()
  fullName: System.Object.ToString()
  spec.csharp:
  - uid: System.Object.ToString
    name: ToString
    nameWithType: Object.ToString
    fullName: System.Object.ToString
    isExternal: true
  - name: (
    nameWithType: (
    fullName: (
  - name: )
    nameWithType: )
    fullName: )
  spec.vb:
  - uid: System.Object.ToString
    name: ToString
    nameWithType: Object.ToString
    fullName: System.Object.ToString
    isExternal: true
  - name: (
    nameWithType: (
    fullName: (
  - name: )
    nameWithType: )
    fullName: )
- uid: System.Object.Equals(System.Object)
  commentId: M:System.Object.Equals(System.Object)
  parent: System.Object
  isExternal: true
  name: Equals(Object)
  nameWithType: Object.Equals(Object)
  fullName: System.Object.Equals(System.Object)
  spec.csharp:
  - uid: System.Object.Equals(System.Object)
    name: Equals
    nameWithType: Object.Equals
    fullName: System.Object.Equals
    isExternal: true
  - name: (
    nameWithType: (
    fullName: (
  - uid: System.Object
    name: Object
    nameWithType: Object
    fullName: System.Object
    isExternal: true
  - name: )
    nameWithType: )
    fullName: )
  spec.vb:
  - uid: System.Object.Equals(System.Object)
    name: Equals
    nameWithType: Object.Equals
    fullName: System.Object.Equals
    isExternal: true
  - name: (
    nameWithType: (
    fullName: (
  - uid: System.Object
    name: Object
    nameWithType: Object
    fullName: System.Object
    isExternal: true
  - name: )
    nameWithType: )
    fullName: )
- uid: System.Object.Equals(System.Object,System.Object)
  commentId: M:System.Object.Equals(System.Object,System.Object)
  parent: System.Object
  isExternal: true
  name: Equals(Object, Object)
  nameWithType: Object.Equals(Object, Object)
  fullName: System.Object.Equals(System.Object, System.Object)
  spec.csharp:
  - uid: System.Object.Equals(System.Object,System.Object)
    name: Equals
    nameWithType: Object.Equals
    fullName: System.Object.Equals
    isExternal: true
  - name: (
    nameWithType: (
    fullName: (
  - uid: System.Object
    name: Object
    nameWithType: Object
    fullName: System.Object
    isExternal: true
  - name: ', '
    nameWithType: ', '
    fullName: ', '
  - uid: System.Object
    name: Object
    nameWithType: Object
    fullName: System.Object
    isExternal: true
  - name: )
    nameWithType: )
    fullName: )
  spec.vb:
  - uid: System.Object.Equals(System.Object,System.Object)
    name: Equals
    nameWithType: Object.Equals
    fullName: System.Object.Equals
    isExternal: true
  - name: (
    nameWithType: (
    fullName: (
  - uid: System.Object
    name: Object
    nameWithType: Object
    fullName: System.Object
    isExternal: true
  - name: ', '
    nameWithType: ', '
    fullName: ', '
  - uid: System.Object
    name: Object
    nameWithType: Object
    fullName: System.Object
    isExternal: true
  - name: )
    nameWithType: )
    fullName: )
- uid: System.Object.ReferenceEquals(System.Object,System.Object)
  commentId: M:System.Object.ReferenceEquals(System.Object,System.Object)
  parent: System.Object
  isExternal: true
  name: ReferenceEquals(Object, Object)
  nameWithType: Object.ReferenceEquals(Object, Object)
  fullName: System.Object.ReferenceEquals(System.Object, System.Object)
  spec.csharp:
  - uid: System.Object.ReferenceEquals(System.Object,System.Object)
    name: ReferenceEquals
    nameWithType: Object.ReferenceEquals
    fullName: System.Object.ReferenceEquals
    isExternal: true
  - name: (
    nameWithType: (
    fullName: (
  - uid: System.Object
    name: Object
    nameWithType: Object
    fullName: System.Object
    isExternal: true
  - name: ', '
    nameWithType: ', '
    fullName: ', '
  - uid: System.Object
    name: Object
    nameWithType: Object
    fullName: System.Object
    isExternal: true
  - name: )
    nameWithType: )
    fullName: )
  spec.vb:
  - uid: System.Object.ReferenceEquals(System.Object,System.Object)
    name: ReferenceEquals
    nameWithType: Object.ReferenceEquals
    fullName: System.Object.ReferenceEquals
    isExternal: true
  - name: (
    nameWithType: (
    fullName: (
  - uid: System.Object
    name: Object
    nameWithType: Object
    fullName: System.Object
    isExternal: true
  - name: ', '
    nameWithType: ', '
    fullName: ', '
  - uid: System.Object
    name: Object
    nameWithType: Object
    fullName: System.Object
    isExternal: true
  - name: )
    nameWithType: )
    fullName: )
- uid: System.Object.GetHashCode
  commentId: M:System.Object.GetHashCode
  parent: System.Object
  isExternal: true
  name: GetHashCode()
  nameWithType: Object.GetHashCode()
  fullName: System.Object.GetHashCode()
  spec.csharp:
  - uid: System.Object.GetHashCode
    name: GetHashCode
    nameWithType: Object.GetHashCode
    fullName: System.Object.GetHashCode
    isExternal: true
  - name: (
    nameWithType: (
    fullName: (
  - name: )
    nameWithType: )
    fullName: )
  spec.vb:
  - uid: System.Object.GetHashCode
    name: GetHashCode
    nameWithType: Object.GetHashCode
    fullName: System.Object.GetHashCode
    isExternal: true
  - name: (
    nameWithType: (
    fullName: (
  - name: )
    nameWithType: )
    fullName: )
- uid: System.Object.GetType
  commentId: M:System.Object.GetType
  parent: System.Object
  isExternal: true
  name: GetType()
  nameWithType: Object.GetType()
  fullName: System.Object.GetType()
  spec.csharp:
  - uid: System.Object.GetType
    name: GetType
    nameWithType: Object.GetType
    fullName: System.Object.GetType
    isExternal: true
  - name: (
    nameWithType: (
    fullName: (
  - name: )
    nameWithType: )
    fullName: )
  spec.vb:
  - uid: System.Object.GetType
    name: GetType
    nameWithType: Object.GetType
    fullName: System.Object.GetType
    isExternal: true
  - name: (
    nameWithType: (
    fullName: (
  - name: )
    nameWithType: )
    fullName: )
- uid: System.Object.MemberwiseClone
  commentId: M:System.Object.MemberwiseClone
  parent: System.Object
  isExternal: true
  name: MemberwiseClone()
  nameWithType: Object.MemberwiseClone()
  fullName: System.Object.MemberwiseClone()
  spec.csharp:
  - uid: System.Object.MemberwiseClone
    name: MemberwiseClone
    nameWithType: Object.MemberwiseClone
    fullName: System.Object.MemberwiseClone
    isExternal: true
  - name: (
    nameWithType: (
    fullName: (
  - name: )
    nameWithType: )
    fullName: )
  spec.vb:
  - uid: System.Object.MemberwiseClone
    name: MemberwiseClone
    nameWithType: Object.MemberwiseClone
    fullName: System.Object.MemberwiseClone
    isExternal: true
  - name: (
    nameWithType: (
    fullName: (
  - name: )
    nameWithType: )
    fullName: )
- uid: System
  commentId: N:System
  isExternal: false
  name: System
  nameWithType: System
  fullName: System
- uid: Microsoft.EntityFrameworkCore.Internal.AsyncLock.#ctor*
  commentId: Overload:Microsoft.EntityFrameworkCore.Internal.AsyncLock.#ctor
  isExternal: false
  name: AsyncLock
  nameWithType: AsyncLock.AsyncLock
  fullName: Microsoft.EntityFrameworkCore.Internal.AsyncLock.AsyncLock
- uid: Microsoft.EntityFrameworkCore.Internal.AsyncLock.LockAsync*
  commentId: Overload:Microsoft.EntityFrameworkCore.Internal.AsyncLock.LockAsync
  isExternal: false
  name: LockAsync
  nameWithType: AsyncLock.LockAsync
  fullName: Microsoft.EntityFrameworkCore.Internal.AsyncLock.LockAsync
- uid: System.Threading.CancellationToken
  commentId: T:System.Threading.CancellationToken
  parent: System.Threading
  isExternal: true
  name: CancellationToken
  nameWithType: CancellationToken
  fullName: System.Threading.CancellationToken
- uid: System.Threading.Tasks.Task{Microsoft.EntityFrameworkCore.Internal.AsyncLock.Releaser}
  commentId: T:System.Threading.Tasks.Task{Microsoft.EntityFrameworkCore.Internal.AsyncLock.Releaser}
  parent: System.Threading.Tasks
  definition: System.Threading.Tasks.Task`1
  name: Task<AsyncLock.Releaser>
  nameWithType: Task<AsyncLock.Releaser>
  fullName: System.Threading.Tasks.Task<Microsoft.EntityFrameworkCore.Internal.AsyncLock.Releaser>
  nameWithType.vb: Task(Of AsyncLock.Releaser)
  fullname.vb: System.Threading.Tasks.Task(Of Microsoft.EntityFrameworkCore.Internal.AsyncLock.Releaser)
  name.vb: Task(Of AsyncLock.Releaser)
  spec.csharp:
  - uid: System.Threading.Tasks.Task`1
    name: Task
    nameWithType: Task
    fullName: System.Threading.Tasks.Task
    isExternal: true
  - name: <
    nameWithType: <
    fullName: <
  - uid: Microsoft.EntityFrameworkCore.Internal.AsyncLock.Releaser
    name: AsyncLock.Releaser
    nameWithType: AsyncLock.Releaser
    fullName: Microsoft.EntityFrameworkCore.Internal.AsyncLock.Releaser
  - name: '>'
    nameWithType: '>'
    fullName: '>'
  spec.vb:
  - uid: System.Threading.Tasks.Task`1
    name: Task
    nameWithType: Task
    fullName: System.Threading.Tasks.Task
    isExternal: true
  - name: '(Of '
    nameWithType: '(Of '
    fullName: '(Of '
  - uid: Microsoft.EntityFrameworkCore.Internal.AsyncLock.Releaser
    name: AsyncLock.Releaser
    nameWithType: AsyncLock.Releaser
    fullName: Microsoft.EntityFrameworkCore.Internal.AsyncLock.Releaser
  - name: )
    nameWithType: )
    fullName: )
- uid: System.Threading
  commentId: N:System.Threading
  isExternal: false
  name: System.Threading
  nameWithType: System.Threading
  fullName: System.Threading
- uid: System.Threading.Tasks.Task`1
  commentId: T:System.Threading.Tasks.Task`1
  isExternal: true
  name: Task<TResult>
  nameWithType: Task<TResult>
  fullName: System.Threading.Tasks.Task<TResult>
  nameWithType.vb: Task(Of TResult)
  fullname.vb: System.Threading.Tasks.Task(Of TResult)
  name.vb: Task(Of TResult)
  spec.csharp:
  - uid: System.Threading.Tasks.Task`1
    name: Task
    nameWithType: Task
    fullName: System.Threading.Tasks.Task
    isExternal: true
  - name: <
    nameWithType: <
    fullName: <
  - name: TResult
    nameWithType: TResult
    fullName: TResult
  - name: '>'
    nameWithType: '>'
    fullName: '>'
  spec.vb:
  - uid: System.Threading.Tasks.Task`1
    name: Task
    nameWithType: Task
    fullName: System.Threading.Tasks.Task
    isExternal: true
  - name: '(Of '
    nameWithType: '(Of '
    fullName: '(Of '
  - name: TResult
    nameWithType: TResult
    fullName: TResult
  - name: )
    nameWithType: )
    fullName: )
- uid: System.Threading.Tasks
  commentId: N:System.Threading.Tasks
  isExternal: false
  name: System.Threading.Tasks
  nameWithType: System.Threading.Tasks
  fullName: System.Threading.Tasks
- uid: Microsoft.EntityFrameworkCore.Internal.AsyncLock.Lock*
  commentId: Overload:Microsoft.EntityFrameworkCore.Internal.AsyncLock.Lock
  isExternal: false
  name: Lock
  nameWithType: AsyncLock.Lock
  fullName: Microsoft.EntityFrameworkCore.Internal.AsyncLock.Lock
- uid: Microsoft.EntityFrameworkCore.Internal.AsyncLock.Releaser
  commentId: T:Microsoft.EntityFrameworkCore.Internal.AsyncLock.Releaser
  parent: Microsoft.EntityFrameworkCore.Internal
  isExternal: false
  name: AsyncLock.Releaser
  nameWithType: AsyncLock.Releaser
  fullName: Microsoft.EntityFrameworkCore.Internal.AsyncLock.Releaser
